
Microsoft Visual Studio Solution File, Format Version 12.00
# Visual Studio 15
VisualStudioVersion = 15.0.28307.539
MinimumVisualStudioVersion = 10.0.40219.1
Project("{FAE04EC0-301F-11D3-BF4B-00C04F79EFBC}") = "FibonacciSequence", "FibonacciSequence\FibonacciSequence.csproj", "{211B571D-A40D-475A-A1DF-74189E72368A}"
EndProject
Global
	GlobalSection(SolutionConfigurationPlatforms) = preSolution
		Debug|Any CPU = Debug|Any CPU
		Release|Any CPU = Release|Any CPU
	EndGlobalSection
	GlobalSection(ProjectConfigurationPlatforms) = postSolution
		{211B571D-A40D-475A-A1DF-74189E72368A}.Debug|Any CPU.ActiveCfg = Debug|Any CPU
		{211B571D-A40D-475A-A1DF-74189E72368A}.Debug|Any CPU.Build.0 = Debug|Any CPU
		{211B571D-A40D-475A-A1DF-74189E72368A}.Release|Any CPU.ActiveCfg = Release|Any CPU
		{211B571D-A40D-475A-A1DF-74189E72368A}.Release|Any CPU.Build.0 = Release|Any CPU
	EndGlobalSection
	GlobalSection(SolutionProperties) = preSolution
		HideSolutionNode = FALSE
	EndGlobalSection
	GlobalSection(ExtensibilityGlobals) = postSolution
		SolutionGuid = {F4CD87DA-494D-48F8-BCEE-F5B429CB4443}
	EndGlobalSection
EndGlobal
